
Microsoft Visual Studio Solution File, Format Version 12.00
# Visual Studio Version 17
VisualStudioVersion = 17.5.002.0
MinimumVisualStudioVersion = 10.0.40219.1
Project("{9A19103F-16F7-4668-BE54-9A1E7A4F7556}") = "BookyBook.Domain", "BookyBook.Domain\BookyBook.Domain.csproj", "{DC49B01A-D2B3-4990-922E-0A6F6E6EF4C6}"
EndProject
Project("{FAE04EC0-301F-11D3-BF4B-00C04F79EFBC}") = "BookyBook.Presentation", "BookyBook.Presentation\BookyBook.Presentation.csproj", "{BC3077AC-7356-40E4-AD50-C69E8130E3F2}"
EndProject
Project("{FAE04EC0-301F-11D3-BF4B-00C04F79EFBC}") = "BookyBook.Data", "BookyBook.Data\BookyBook.Data.csproj", "{F81CF7B8-3A7D-4EEC-B652-864F27E7E0FC}"
EndProject
Project("{FAE04EC0-301F-11D3-BF4B-00C04F79EFBC}") = "BookyBook.Service", "BookyBook.Service\BookyBook.Service.csproj", "{D9EEDFC0-4962-4617-B033-883C8BAFB457}"
EndProject
Global
	GlobalSection(SolutionConfigurationPlatforms) = preSolution
		Debug|Any CPU = Debug|Any CPU
		Release|Any CPU = Release|Any CPU
	EndGlobalSection
	GlobalSection(ProjectConfigurationPlatforms) = postSolution
		{DC49B01A-D2B3-4990-922E-0A6F6E6EF4C6}.Debug|Any CPU.ActiveCfg = Debug|Any CPU
		{DC49B01A-D2B3-4990-922E-0A6F6E6EF4C6}.Debug|Any CPU.Build.0 = Debug|Any CPU
		{DC49B01A-D2B3-4990-922E-0A6F6E6EF4C6}.Release|Any CPU.ActiveCfg = Release|Any CPU
		{DC49B01A-D2B3-4990-922E-0A6F6E6EF4C6}.Release|Any CPU.Build.0 = Release|Any CPU
		{BC3077AC-7356-40E4-AD50-C69E8130E3F2}.Debug|Any CPU.ActiveCfg = Debug|Any CPU
		{BC3077AC-7356-40E4-AD50-C69E8130E3F2}.Debug|Any CPU.Build.0 = Debug|Any CPU
		{BC3077AC-7356-40E4-AD50-C69E8130E3F2}.Release|Any CPU.ActiveCfg = Release|Any CPU
		{BC3077AC-7356-40E4-AD50-C69E8130E3F2}.Release|Any CPU.Build.0 = Release|Any CPU
		{F81CF7B8-3A7D-4EEC-B652-864F27E7E0FC}.Debug|Any CPU.ActiveCfg = Debug|Any CPU
		{F81CF7B8-3A7D-4EEC-B652-864F27E7E0FC}.Debug|Any CPU.Build.0 = Debug|Any CPU
		{F81CF7B8-3A7D-4EEC-B652-864F27E7E0FC}.Release|Any CPU.ActiveCfg = Release|Any CPU
		{F81CF7B8-3A7D-4EEC-B652-864F27E7E0FC}.Release|Any CPU.Build.0 = Release|Any CPU
		{D9EEDFC0-4962-4617-B033-883C8BAFB457}.Debug|Any CPU.ActiveCfg = Debug|Any CPU
		{D9EEDFC0-4962-4617-B033-883C8BAFB457}.Debug|Any CPU.Build.0 = Debug|Any CPU
		{D9EEDFC0-4962-4617-B033-883C8BAFB457}.Release|Any CPU.ActiveCfg = Release|Any CPU
		{D9EEDFC0-4962-4617-B033-883C8BAFB457}.Release|Any CPU.Build.0 = Release|Any CPU
	EndGlobalSection
	GlobalSection(SolutionProperties) = preSolution
		HideSolutionNode = FALSE
	EndGlobalSection
	GlobalSection(ExtensibilityGlobals) = postSolution
		SolutionGuid = {ADBD27B3-18FF-46EC-89E1-C8E15822EBA2}
	EndGlobalSection
EndGlobal
